
Microsoft Visual Studio Solution File, Format Version 12.00
# Visual Studio Version 16
VisualStudioVersion = 16.0.31911.196
MinimumVisualStudioVersion = 10.0.40219.1
Project("{2150E333-8FDC-42A3-9474-1A3956D46DE8}") = "src", "src", "{A486F0DF-F9C1-41F9-A687-E7659637D2F7}"
EndProject
Project("{9A19103F-16F7-4668-BE54-9A1E7A4F7556}") = "Delivery.Infrastructure", "src\Delivery.Infrastructure\Delivery.Infrastructure.csproj", "{527A24F8-F12E-4012-BBDA-76E56EEA1A02}"
EndProject
Project("{9A19103F-16F7-4668-BE54-9A1E7A4F7556}") = "Delivery.Core", "src\Delivery.Core\Delivery.Core.csproj", "{DF1A85C7-B191-417E-BAAC-052181018CFE}"
EndProject
Project("{9A19103F-16F7-4668-BE54-9A1E7A4F7556}") = "Delivery.Api", "src\Delivery.Api\Delivery.Api.csproj", "{633CB26C-DE07-4397-A1CA-E74F680A45E6}"
EndProject
Project("{9A19103F-16F7-4668-BE54-9A1E7A4F7556}") = "Delivery.Shared", "src\Delivery.Shared\Delivery.Shared.csproj", "{27CB871F-8E98-4D42-8331-D77C932C7BCF}"
EndProject
Global
	GlobalSection(SolutionConfigurationPlatforms) = preSolution
		Debug|Any CPU = Debug|Any CPU
		Release|Any CPU = Release|Any CPU
	EndGlobalSection
	GlobalSection(ProjectConfigurationPlatforms) = postSolution
		{527A24F8-F12E-4012-BBDA-76E56EEA1A02}.Debug|Any CPU.ActiveCfg = Debug|Any CPU
		{527A24F8-F12E-4012-BBDA-76E56EEA1A02}.Debug|Any CPU.Build.0 = Debug|Any CPU
		{527A24F8-F12E-4012-BBDA-76E56EEA1A02}.Release|Any CPU.ActiveCfg = Release|Any CPU
		{527A24F8-F12E-4012-BBDA-76E56EEA1A02}.Release|Any CPU.Build.0 = Release|Any CPU
		{DF1A85C7-B191-417E-BAAC-052181018CFE}.Debug|Any CPU.ActiveCfg = Debug|Any CPU
		{DF1A85C7-B191-417E-BAAC-052181018CFE}.Debug|Any CPU.Build.0 = Debug|Any CPU
		{DF1A85C7-B191-417E-BAAC-052181018CFE}.Release|Any CPU.ActiveCfg = Release|Any CPU
		{DF1A85C7-B191-417E-BAAC-052181018CFE}.Release|Any CPU.Build.0 = Release|Any CPU
		{633CB26C-DE07-4397-A1CA-E74F680A45E6}.Debug|Any CPU.ActiveCfg = Debug|Any CPU
		{633CB26C-DE07-4397-A1CA-E74F680A45E6}.Debug|Any CPU.Build.0 = Debug|Any CPU
		{633CB26C-DE07-4397-A1CA-E74F680A45E6}.Release|Any CPU.ActiveCfg = Release|Any CPU
		{633CB26C-DE07-4397-A1CA-E74F680A45E6}.Release|Any CPU.Build.0 = Release|Any CPU
		{27CB871F-8E98-4D42-8331-D77C932C7BCF}.Debug|Any CPU.ActiveCfg = Debug|Any CPU
		{27CB871F-8E98-4D42-8331-D77C932C7BCF}.Debug|Any CPU.Build.0 = Debug|Any CPU
		{27CB871F-8E98-4D42-8331-D77C932C7BCF}.Release|Any CPU.ActiveCfg = Release|Any CPU
		{27CB871F-8E98-4D42-8331-D77C932C7BCF}.Release|Any CPU.Build.0 = Release|Any CPU
	EndGlobalSection
	GlobalSection(SolutionProperties) = preSolution
		HideSolutionNode = FALSE
	EndGlobalSection
	GlobalSection(NestedProjects) = preSolution
		{527A24F8-F12E-4012-BBDA-76E56EEA1A02} = {A486F0DF-F9C1-41F9-A687-E7659637D2F7}
		{DF1A85C7-B191-417E-BAAC-052181018CFE} = {A486F0DF-F9C1-41F9-A687-E7659637D2F7}
		{633CB26C-DE07-4397-A1CA-E74F680A45E6} = {A486F0DF-F9C1-41F9-A687-E7659637D2F7}
		{27CB871F-8E98-4D42-8331-D77C932C7BCF} = {A486F0DF-F9C1-41F9-A687-E7659637D2F7}
	EndGlobalSection
	GlobalSection(ExtensibilityGlobals) = postSolution
		SolutionGuid = {762BBEA4-B42A-4A41-875C-5D1EFFD3DC8E}
	EndGlobalSection
EndGlobal
